
Microsoft Visual Studio Solution File, Format Version 12.00
# Visual Studio Version 17
VisualStudioVersion = 17.3.32922.545
MinimumVisualStudioVersion = 10.0.40219.1
Project("{FAE04EC0-301F-11D3-BF4B-00C04F79EFBC}") = "Test", "Test.csproj", "{D57FB7B1-AB77-4EE3-92F6-6DB71E7CC878}"
EndProject
Global
	GlobalSection(SolutionConfigurationPlatforms) = preSolution
		Debug|Any CPU = Debug|Any CPU
		Release|Any CPU = Release|Any CPU
	EndGlobalSection
	GlobalSection(ProjectConfigurationPlatforms) = postSolution
		{D57FB7B1-AB77-4EE3-92F6-6DB71E7CC878}.Debug|Any CPU.ActiveCfg = Debug|Any CPU
		{D57FB7B1-AB77-4EE3-92F6-6DB71E7CC878}.Debug|Any CPU.Build.0 = Debug|Any CPU
		{D57FB7B1-AB77-4EE3-92F6-6DB71E7CC878}.Release|Any CPU.ActiveCfg = Release|Any CPU
		{D57FB7B1-AB77-4EE3-92F6-6DB71E7CC878}.Release|Any CPU.Build.0 = Release|Any CPU
	EndGlobalSection
	GlobalSection(SolutionProperties) = preSolution
		HideSolutionNode = FALSE
	EndGlobalSection
	GlobalSection(ExtensibilityGlobals) = postSolution
		SolutionGuid = {2C0DCCF0-16C1-4E19-B963-C18EC5A1152D}
	EndGlobalSection
EndGlobal
