
Microsoft Visual Studio Solution File, Format Version 12.00
# Visual Studio Version 17
VisualStudioVersion = 17.3.32922.545
MinimumVisualStudioVersion = 10.0.40219.1
Project("{FAE04EC0-301F-11D3-BF4B-00C04F79EFBC}") = "Problema_3", "Problema_3.csproj", "{1456E7D3-17C1-407D-8719-99E3B79A337E}"
EndProject
Global
	GlobalSection(SolutionConfigurationPlatforms) = preSolution
		Debug|Any CPU = Debug|Any CPU
		Release|Any CPU = Release|Any CPU
	EndGlobalSection
	GlobalSection(ProjectConfigurationPlatforms) = postSolution
		{1456E7D3-17C1-407D-8719-99E3B79A337E}.Debug|Any CPU.ActiveCfg = Debug|Any CPU
		{1456E7D3-17C1-407D-8719-99E3B79A337E}.Debug|Any CPU.Build.0 = Debug|Any CPU
		{1456E7D3-17C1-407D-8719-99E3B79A337E}.Release|Any CPU.ActiveCfg = Release|Any CPU
		{1456E7D3-17C1-407D-8719-99E3B79A337E}.Release|Any CPU.Build.0 = Release|Any CPU
	EndGlobalSection
	GlobalSection(SolutionProperties) = preSolution
		HideSolutionNode = FALSE
	EndGlobalSection
	GlobalSection(ExtensibilityGlobals) = postSolution
		SolutionGuid = {3452E750-63E9-4FC7-A3BC-03E9513FEB58}
	EndGlobalSection
EndGlobal
