
Microsoft Visual Studio Solution File, Format Version 12.00
# Visual Studio Version 17
VisualStudioVersion = 17.3.32922.545
MinimumVisualStudioVersion = 10.0.40219.1
Project("{FAE04EC0-301F-11D3-BF4B-00C04F79EFBC}") = "Problema_5", "Problema_5.csproj", "{3BB49FF9-53E1-4AE5-9EE0-3A6C79404106}"
EndProject
Global
	GlobalSection(SolutionConfigurationPlatforms) = preSolution
		Debug|Any CPU = Debug|Any CPU
		Release|Any CPU = Release|Any CPU
	EndGlobalSection
	GlobalSection(ProjectConfigurationPlatforms) = postSolution
		{3BB49FF9-53E1-4AE5-9EE0-3A6C79404106}.Debug|Any CPU.ActiveCfg = Debug|Any CPU
		{3BB49FF9-53E1-4AE5-9EE0-3A6C79404106}.Debug|Any CPU.Build.0 = Debug|Any CPU
		{3BB49FF9-53E1-4AE5-9EE0-3A6C79404106}.Release|Any CPU.ActiveCfg = Release|Any CPU
		{3BB49FF9-53E1-4AE5-9EE0-3A6C79404106}.Release|Any CPU.Build.0 = Release|Any CPU
	EndGlobalSection
	GlobalSection(SolutionProperties) = preSolution
		HideSolutionNode = FALSE
	EndGlobalSection
	GlobalSection(ExtensibilityGlobals) = postSolution
		SolutionGuid = {9C40A008-0544-426C-9257-04BDF98F7492}
	EndGlobalSection
EndGlobal
